
Microsoft Visual Studio Solution File, Format Version 12.00
# Visual Studio 15
Project("{FAE04EC0-301F-11D3-BF4B-00C04F79EFBC}") = "NativeGallery.Editor", "NativeGallery.Editor.csproj", "{E6738555-B24B-97B7-F937-B280BE9FE04A}"
EndProject
Project("{FAE04EC0-301F-11D3-BF4B-00C04F79EFBC}") = "NativeGallery.Runtime", "NativeGallery.Runtime.csproj", "{45A9F29B-6781-8B04-57F4-7F0F8AB6DF68}"
EndProject
Project("{FAE04EC0-301F-11D3-BF4B-00C04F79EFBC}") = "Unity.XR.Interaction.Toolkit.Samples.StarterAssets", "Unity.XR.Interaction.Toolkit.Samples.StarterAssets.csproj", "{263860E2-32C5-809D-2DD1-BE061C5579DF}"
EndProject
Project("{FAE04EC0-301F-11D3-BF4B-00C04F79EFBC}") = "Assembly-CSharp", "Assembly-CSharp.csproj", "{DB6DDC5D-2F5F-68B6-2EBD-14AE315890EE}"
EndProject
Project("{FAE04EC0-301F-11D3-BF4B-00C04F79EFBC}") = "Unity.XR.Interaction.Toolkit.Samples.ARStarterAssets", "Unity.XR.Interaction.Toolkit.Samples.ARStarterAssets.csproj", "{4F34F824-34A1-8544-0799-51AC8A8F01D2}"
EndProject
Project("{FAE04EC0-301F-11D3-BF4B-00C04F79EFBC}") = "Unity.XR.Interaction.Toolkit.Samples.StarterAssets.Editor", "Unity.XR.Interaction.Toolkit.Samples.StarterAssets.Editor.csproj", "{54E47A04-5D9E-4B0B-D84B-E43D8EDB99A0}"
EndProject
Project("{FAE04EC0-301F-11D3-BF4B-00C04F79EFBC}") = "Unity.XR.Interaction.Toolkit.Samples.ARStarterAssets.Editor", "Unity.XR.Interaction.Toolkit.Samples.ARStarterAssets.Editor.csproj", "{D8D3C4B7-B172-F361-0CD7-58E5A25A16A0}"
EndProject
Global
	GlobalSection(SolutionConfigurationPlatforms) = preSolution
		Debug|Any CPU = Debug|Any CPU
		Release|Any CPU = Release|Any CPU
	EndGlobalSection
	GlobalSection(ProjectConfigurationPlatforms) = postSolution
		{E6738555-B24B-97B7-F937-B280BE9FE04A}.Debug|Any CPU.ActiveCfg = Debug|Any CPU
		{E6738555-B24B-97B7-F937-B280BE9FE04A}.Debug|Any CPU.Build.0 = Debug|Any CPU
		{E6738555-B24B-97B7-F937-B280BE9FE04A}.Release|Any CPU.ActiveCfg = Release|Any CPU
		{E6738555-B24B-97B7-F937-B280BE9FE04A}.Release|Any CPU.Build.0 = Release|Any CPU
		{45A9F29B-6781-8B04-57F4-7F0F8AB6DF68}.Debug|Any CPU.ActiveCfg = Debug|Any CPU
		{45A9F29B-6781-8B04-57F4-7F0F8AB6DF68}.Debug|Any CPU.Build.0 = Debug|Any CPU
		{45A9F29B-6781-8B04-57F4-7F0F8AB6DF68}.Release|Any CPU.ActiveCfg = Release|Any CPU
		{45A9F29B-6781-8B04-57F4-7F0F8AB6DF68}.Release|Any CPU.Build.0 = Release|Any CPU
		{263860E2-32C5-809D-2DD1-BE061C5579DF}.Debug|Any CPU.ActiveCfg = Debug|Any CPU
		{263860E2-32C5-809D-2DD1-BE061C5579DF}.Debug|Any CPU.Build.0 = Debug|Any CPU
		{263860E2-32C5-809D-2DD1-BE061C5579DF}.Release|Any CPU.ActiveCfg = Release|Any CPU
		{263860E2-32C5-809D-2DD1-BE061C5579DF}.Release|Any CPU.Build.0 = Release|Any CPU
		{DB6DDC5D-2F5F-68B6-2EBD-14AE315890EE}.Debug|Any CPU.ActiveCfg = Debug|Any CPU
		{DB6DDC5D-2F5F-68B6-2EBD-14AE315890EE}.Debug|Any CPU.Build.0 = Debug|Any CPU
		{DB6DDC5D-2F5F-68B6-2EBD-14AE315890EE}.Release|Any CPU.ActiveCfg = Release|Any CPU
		{DB6DDC5D-2F5F-68B6-2EBD-14AE315890EE}.Release|Any CPU.Build.0 = Release|Any CPU
		{4F34F824-34A1-8544-0799-51AC8A8F01D2}.Debug|Any CPU.ActiveCfg = Debug|Any CPU
		{4F34F824-34A1-8544-0799-51AC8A8F01D2}.Debug|Any CPU.Build.0 = Debug|Any CPU
		{4F34F824-34A1-8544-0799-51AC8A8F01D2}.Release|Any CPU.ActiveCfg = Release|Any CPU
		{4F34F824-34A1-8544-0799-51AC8A8F01D2}.Release|Any CPU.Build.0 = Release|Any CPU
		{54E47A04-5D9E-4B0B-D84B-E43D8EDB99A0}.Debug|Any CPU.ActiveCfg = Debug|Any CPU
		{54E47A04-5D9E-4B0B-D84B-E43D8EDB99A0}.Debug|Any CPU.Build.0 = Debug|Any CPU
		{54E47A04-5D9E-4B0B-D84B-E43D8EDB99A0}.Release|Any CPU.ActiveCfg = Release|Any CPU
		{54E47A04-5D9E-4B0B-D84B-E43D8EDB99A0}.Release|Any CPU.Build.0 = Release|Any CPU
		{D8D3C4B7-B172-F361-0CD7-58E5A25A16A0}.Debug|Any CPU.ActiveCfg = Debug|Any CPU
		{D8D3C4B7-B172-F361-0CD7-58E5A25A16A0}.Debug|Any CPU.Build.0 = Debug|Any CPU
		{D8D3C4B7-B172-F361-0CD7-58E5A25A16A0}.Release|Any CPU.ActiveCfg = Release|Any CPU
		{D8D3C4B7-B172-F361-0CD7-58E5A25A16A0}.Release|Any CPU.Build.0 = Release|Any CPU
	EndGlobalSection
	GlobalSection(SolutionProperties) = preSolution
		HideSolutionNode = FALSE
	EndGlobalSection
EndGlobal
